{
  "name": "mySite",
  "lockfileVersion": 3,
  "requires": true,
  "packages": {
    "": {
      "dependencies": {
        "jquery-scrollify": "^1.0.21"
      }
    },
    "node_modules/jquery": {
      "version": "3.7.1",
      "resolved": "https://registry.npmjs.org/jquery/-/jquery-3.7.1.tgz",
      "integrity": "sha512-m4avr8yL8kmFN8psrbFFFmB/If14iN5o9nw/NgnnM+kybDJpRsAynV2BsfpTYrTRysYUdADVD7CkUUizgkpLfg==",
      "license": "MIT"
    },
    "node_modules/jquery-scrollify": {
      "version": "1.0.21",
      "resolved": "https://registry.npmjs.org/jquery-scrollify/-/jquery-scrollify-1.0.21.tgz",
      "integrity": "sha512-uh/ltqmyIV8h1AvuQH0foZdSWVNqJglV0+WL84qOJMYWfvB7OxXDFfmfKUUOHSi1WnhYlKbi6QeRRb7x0pJJbQ==",
      "license": "MIT",
      "dependencies": {
        "jquery": ">=1.7"
      }
    }
  }
}
